
Microsoft Visual Studio Solution File, Format Version 12.00
Project("{FAE04EC0-301F-11D3-BF4B-00C04F79EFBC}") = "StrategyPattern", "StrategyPattern\StrategyPattern.csproj", "{32C5851B-E7E9-46AE-A8BD-0F0F6E510D9F}"
EndProject
Project("{FAE04EC0-301F-11D3-BF4B-00C04F79EFBC}") = "AdapterPattern", "AdapterPattern\AdapterPattern.csproj", "{1128F6B7-7924-49F0-9384-74ED67D5FF27}"
EndProject
Project("{FAE04EC0-301F-11D3-BF4B-00C04F79EFBC}") = "CommandPattern", "CommandPattern\CommandPattern.csproj", "{660AB5EB-DDB9-4F44-8C8D-7F2151243948}"
EndProject
Project("{FAE04EC0-301F-11D3-BF4B-00C04F79EFBC}") = "IteratorPattern", "IteratorPattern\IteratorPattern.csproj", "{713D7BA4-797A-436D-BA41-190837E53FDE}"
EndProject
Project("{FAE04EC0-301F-11D3-BF4B-00C04F79EFBC}") = "ObserverPattern", "ObserverPattern\ObserverPattern.csproj", "{BE08A49C-4145-46A1-BA08-1DC5A9FB0E0A}"
EndProject
Project("{FAE04EC0-301F-11D3-BF4B-00C04F79EFBC}") = "FactoryMethodPattern", "FactoryMethodPattern\FactoryMethodPattern.csproj", "{F1056F18-0A88-41CD-BAB9-CF3EEA73CA81}"
EndProject
Project("{FAE04EC0-301F-11D3-BF4B-00C04F79EFBC}") = "AbstractFactoryPattern", "AbstractFactoryPattern\AbstractFactoryPattern.csproj", "{15C14063-78A2-4433-B612-AC08A5931A54}"
EndProject
Project("{FAE04EC0-301F-11D3-BF4B-00C04F79EFBC}") = "BuilderPattern", "BuilderPattern\BuilderPattern.csproj", "{9E5735D9-935F-4A38-90C3-CF65CECBA4E8}"
EndProject
Project("{FAE04EC0-301F-11D3-BF4B-00C04F79EFBC}") = "CompositePattern", "CompositePattern\CompositePattern.csproj", "{334CAD63-4A30-4091-B7E9-193F7F5FEF46}"
EndProject
Global
	GlobalSection(SolutionConfigurationPlatforms) = preSolution
		Debug|Any CPU = Debug|Any CPU
		Release|Any CPU = Release|Any CPU
	EndGlobalSection
	GlobalSection(ProjectConfigurationPlatforms) = postSolution
		{32C5851B-E7E9-46AE-A8BD-0F0F6E510D9F}.Debug|Any CPU.ActiveCfg = Debug|Any CPU
		{32C5851B-E7E9-46AE-A8BD-0F0F6E510D9F}.Debug|Any CPU.Build.0 = Debug|Any CPU
		{32C5851B-E7E9-46AE-A8BD-0F0F6E510D9F}.Release|Any CPU.ActiveCfg = Release|Any CPU
		{32C5851B-E7E9-46AE-A8BD-0F0F6E510D9F}.Release|Any CPU.Build.0 = Release|Any CPU
		{1128F6B7-7924-49F0-9384-74ED67D5FF27}.Debug|Any CPU.ActiveCfg = Debug|Any CPU
		{1128F6B7-7924-49F0-9384-74ED67D5FF27}.Debug|Any CPU.Build.0 = Debug|Any CPU
		{1128F6B7-7924-49F0-9384-74ED67D5FF27}.Release|Any CPU.ActiveCfg = Release|Any CPU
		{1128F6B7-7924-49F0-9384-74ED67D5FF27}.Release|Any CPU.Build.0 = Release|Any CPU
		{660AB5EB-DDB9-4F44-8C8D-7F2151243948}.Debug|Any CPU.ActiveCfg = Debug|Any CPU
		{660AB5EB-DDB9-4F44-8C8D-7F2151243948}.Debug|Any CPU.Build.0 = Debug|Any CPU
		{660AB5EB-DDB9-4F44-8C8D-7F2151243948}.Release|Any CPU.ActiveCfg = Release|Any CPU
		{660AB5EB-DDB9-4F44-8C8D-7F2151243948}.Release|Any CPU.Build.0 = Release|Any CPU
		{713D7BA4-797A-436D-BA41-190837E53FDE}.Debug|Any CPU.ActiveCfg = Debug|Any CPU
		{713D7BA4-797A-436D-BA41-190837E53FDE}.Debug|Any CPU.Build.0 = Debug|Any CPU
		{713D7BA4-797A-436D-BA41-190837E53FDE}.Release|Any CPU.ActiveCfg = Release|Any CPU
		{713D7BA4-797A-436D-BA41-190837E53FDE}.Release|Any CPU.Build.0 = Release|Any CPU
		{BE08A49C-4145-46A1-BA08-1DC5A9FB0E0A}.Debug|Any CPU.ActiveCfg = Debug|Any CPU
		{BE08A49C-4145-46A1-BA08-1DC5A9FB0E0A}.Debug|Any CPU.Build.0 = Debug|Any CPU
		{BE08A49C-4145-46A1-BA08-1DC5A9FB0E0A}.Release|Any CPU.ActiveCfg = Release|Any CPU
		{BE08A49C-4145-46A1-BA08-1DC5A9FB0E0A}.Release|Any CPU.Build.0 = Release|Any CPU
		{F1056F18-0A88-41CD-BAB9-CF3EEA73CA81}.Debug|Any CPU.ActiveCfg = Debug|Any CPU
		{F1056F18-0A88-41CD-BAB9-CF3EEA73CA81}.Debug|Any CPU.Build.0 = Debug|Any CPU
		{F1056F18-0A88-41CD-BAB9-CF3EEA73CA81}.Release|Any CPU.ActiveCfg = Release|Any CPU
		{F1056F18-0A88-41CD-BAB9-CF3EEA73CA81}.Release|Any CPU.Build.0 = Release|Any CPU
		{15C14063-78A2-4433-B612-AC08A5931A54}.Debug|Any CPU.ActiveCfg = Debug|Any CPU
		{15C14063-78A2-4433-B612-AC08A5931A54}.Debug|Any CPU.Build.0 = Debug|Any CPU
		{15C14063-78A2-4433-B612-AC08A5931A54}.Release|Any CPU.ActiveCfg = Release|Any CPU
		{15C14063-78A2-4433-B612-AC08A5931A54}.Release|Any CPU.Build.0 = Release|Any CPU
		{9E5735D9-935F-4A38-90C3-CF65CECBA4E8}.Debug|Any CPU.ActiveCfg = Debug|Any CPU
		{9E5735D9-935F-4A38-90C3-CF65CECBA4E8}.Debug|Any CPU.Build.0 = Debug|Any CPU
		{9E5735D9-935F-4A38-90C3-CF65CECBA4E8}.Release|Any CPU.ActiveCfg = Release|Any CPU
		{9E5735D9-935F-4A38-90C3-CF65CECBA4E8}.Release|Any CPU.Build.0 = Release|Any CPU
		{334CAD63-4A30-4091-B7E9-193F7F5FEF46}.Debug|Any CPU.ActiveCfg = Debug|Any CPU
		{334CAD63-4A30-4091-B7E9-193F7F5FEF46}.Debug|Any CPU.Build.0 = Debug|Any CPU
		{334CAD63-4A30-4091-B7E9-193F7F5FEF46}.Release|Any CPU.ActiveCfg = Release|Any CPU
		{334CAD63-4A30-4091-B7E9-193F7F5FEF46}.Release|Any CPU.Build.0 = Release|Any CPU
	EndGlobalSection
EndGlobal
